
Microsoft Visual Studio Solution File, Format Version 12.00
Project("{FAE04EC0-301F-11D3-BF4B-00C04F79EFBC}") = "AccountingCards", "AccountingCards\AccountingCards.csproj", "{D6D08507-10B7-427F-934B-7264C0524B7A}"
EndProject
Project("{FAE04EC0-301F-11D3-BF4B-00C04F79EFBC}") = "UnitTest", "UnitTest\UnitTest.csproj", "{0D214F94-0BAA-41AC-82BF-5660A4FADF1D}"
EndProject
Global
	GlobalSection(SolutionConfigurationPlatforms) = preSolution
		Debug|Any CPU = Debug|Any CPU
		Release|Any CPU = Release|Any CPU
	EndGlobalSection
	GlobalSection(ProjectConfigurationPlatforms) = postSolution
		{D6D08507-10B7-427F-934B-7264C0524B7A}.Debug|Any CPU.ActiveCfg = Debug|Any CPU
		{D6D08507-10B7-427F-934B-7264C0524B7A}.Debug|Any CPU.Build.0 = Debug|Any CPU
		{D6D08507-10B7-427F-934B-7264C0524B7A}.Release|Any CPU.ActiveCfg = Release|Any CPU
		{D6D08507-10B7-427F-934B-7264C0524B7A}.Release|Any CPU.Build.0 = Release|Any CPU
		{0D214F94-0BAA-41AC-82BF-5660A4FADF1D}.Debug|Any CPU.ActiveCfg = Debug|Any CPU
		{0D214F94-0BAA-41AC-82BF-5660A4FADF1D}.Debug|Any CPU.Build.0 = Debug|Any CPU
		{0D214F94-0BAA-41AC-82BF-5660A4FADF1D}.Release|Any CPU.ActiveCfg = Release|Any CPU
		{0D214F94-0BAA-41AC-82BF-5660A4FADF1D}.Release|Any CPU.Build.0 = Release|Any CPU
	EndGlobalSection
EndGlobal
